
Microsoft Visual Studio Solution File, Format Version 12.00
Project("{FAE04EC0-301F-11D3-BF4B-00C04F79EFBC}") = "Ignis", "src\Ignis\Ignis.csproj", "{3FE5AC64-3DFC-4F63-811E-0CED6D5C25B0}"
EndProject
Project("{2150E333-8FDC-42A3-9474-1A3956D46DE8}") = "src", "src", "{78D163FC-E2D3-4AED-A02C-EFC8898620A5}"
EndProject
Project("{2150E333-8FDC-42A3-9474-1A3956D46DE8}") = "examples", "examples", "{00B2D4A8-526E-47EE-A807-88FD3A4A6255}"
EndProject
Project("{2150E333-8FDC-42A3-9474-1A3956D46DE8}") = "DemoApp", "DemoApp", "{B284919D-A685-454B-9BC6-918FE2BC6EDE}"
EndProject
Project("{FAE04EC0-301F-11D3-BF4B-00C04F79EFBC}") = "DemoApp", "examples\DemoApp\DemoApp.csproj", "{7882ACCB-C0C7-4F88-AC2A-BF168CFC827D}"
EndProject
Global
	GlobalSection(SolutionConfigurationPlatforms) = preSolution
		Debug|Any CPU = Debug|Any CPU
		Release|Any CPU = Release|Any CPU
	EndGlobalSection
	GlobalSection(ProjectConfigurationPlatforms) = postSolution
		{3FE5AC64-3DFC-4F63-811E-0CED6D5C25B0}.Debug|Any CPU.ActiveCfg = Debug|Any CPU
		{3FE5AC64-3DFC-4F63-811E-0CED6D5C25B0}.Debug|Any CPU.Build.0 = Debug|Any CPU
		{3FE5AC64-3DFC-4F63-811E-0CED6D5C25B0}.Release|Any CPU.ActiveCfg = Release|Any CPU
		{3FE5AC64-3DFC-4F63-811E-0CED6D5C25B0}.Release|Any CPU.Build.0 = Release|Any CPU
		{7882ACCB-C0C7-4F88-AC2A-BF168CFC827D}.Debug|Any CPU.ActiveCfg = Debug|Any CPU
		{7882ACCB-C0C7-4F88-AC2A-BF168CFC827D}.Debug|Any CPU.Build.0 = Debug|Any CPU
		{7882ACCB-C0C7-4F88-AC2A-BF168CFC827D}.Release|Any CPU.ActiveCfg = Release|Any CPU
		{7882ACCB-C0C7-4F88-AC2A-BF168CFC827D}.Release|Any CPU.Build.0 = Release|Any CPU
	EndGlobalSection
	GlobalSection(NestedProjects) = preSolution
		{3FE5AC64-3DFC-4F63-811E-0CED6D5C25B0} = {78D163FC-E2D3-4AED-A02C-EFC8898620A5}
		{B284919D-A685-454B-9BC6-918FE2BC6EDE} = {00B2D4A8-526E-47EE-A807-88FD3A4A6255}
		{7882ACCB-C0C7-4F88-AC2A-BF168CFC827D} = {B284919D-A685-454B-9BC6-918FE2BC6EDE}
	EndGlobalSection
EndGlobal
